// !$*UTF8*$!
{
	archiveVersion = 1;
	classes = {
	};
	objectVersion = 50;
	objects = {

/* Begin PBXBuildFile section */
		28A7DF0420917B3E00BB3FA4 /* AppDelegate.swift in Sources */ = {isa = PBXBuildFile; fileRef = 28A7DF0320917B3E00BB3FA4 /* AppDelegate.swift */; };
		28A7DF0620917B3E00BB3FA4 /* ViewController.swift in Sources */ = {isa = PBXBuildFile; fileRef = 28A7DF0520917B3E00BB3FA4 /* ViewController.swift */; };
		28A7DF0920917B3E00BB3FA4 /* Main.storyboard in Resources */ = {isa = PBXBuildFile; fileRef = 28A7DF0720917B3E00BB3FA4 /* Main.storyboard */; };
		28A7DF0B20917B3F00BB3FA4 /* Assets.xcassets in Resources */ = {isa = PBXBuildFile; fileRef = 28A7DF0A20917B3F00BB3FA4 /* Assets.xcassets */; };
		28A7DF0E20917B3F00BB3FA4 /* LaunchScreen.storyboard in Resources */ = {isa = PBXBuildFile; fileRef = 28A7DF0C20917B3F00BB3FA4 /* LaunchScreen.storyboard */; };
		28A7DF1920917B3F00BB3FA4 /* NTest02Tests.swift in Sources */ = {isa = PBXBuildFile; fileRef = 28A7DF1820917B3F00BB3FA4 /* NTest02Tests.swift */; };
		28A7DF2420917B3F00BB3FA4 /* NTest02UITests.swift in Sources */ = {isa = PBXBuildFile; fileRef = 28A7DF2320917B3F00BB3FA4 /* NTest02UITests.swift */; };
/* End PBXBuildFile section */

/* Begin PBXContainerItemProxy section */
		28A7DF1520917B3F00BB3FA4 /* PBXContainerItemProxy */ = {
			isa = PBXContainerItemProxy;
			containerPortal = 28A7DEF820917B3E00BB3FA4 /* Project object */;
			proxyType = 1;
			remoteGlobalIDString = 28A7DEFF20917B3E00BB3FA4;
			remoteInfo = NTest02;
		};
		28A7DF2020917B3F00BB3FA4 /* PBXContainerItemProxy */ = {
			isa = PBXContainerItemProxy;
			containerPortal = 28A7DEF820917B3E00BB3FA4 /* Project object */;
			proxyType = 1;
			remoteGlobalIDString = 28A7DEFF20917B3E00BB3FA4;
			remoteInfo = NTest02;
		};
/* End PBXContainerItemProxy section */

/* Begin PBXFileReference section */
		28A7DF0020917B3E00BB3FA4 /* NTest02.app */ = {isa = PBXFileReference; explicitFileType = wrapper.application; includeInIndex = 0; path = NTest02.app; sourceTree = BUILT_PRODUCTS_DIR; };
		28A7DF0320917B3E00BB3FA4 /* AppDelegate.swift */ = {isa = PBXFileReference; lastKnownFileType = sourcecode.swift; path = AppDelegate.swift; sourceTree = "<group>"; };
		28A7DF0520917B3E00BB3FA4 /* ViewController.swift */ = {isa = PBXFileReference; lastKnownFileType = sourcecode.swift; path = ViewController.swift; sourceTree = "<group>"; };
		28A7DF0820917B3E00BB3FA4 /* Base */ = {isa = PBXFileReference; lastKnownFileType = file.storyboard; name = Base; path = Base.lproj/Main.storyboard; sourceTree = "<group>"; };
		28A7DF0A20917B3F00BB3FA4 /* Assets.xcassets */ = {isa = PBXFileReference; lastKnownFileType = folder.assetcatalog; path = Assets.xcassets; sourceTree = "<group>"; };
		28A7DF0D20917B3F00BB3FA4 /* Base */ = {isa = PBXFileReference; lastKnownFileType = file.storyboard; name = Base; path = Base.lproj/LaunchScreen.storyboard; sourceTree = "<group>"; };
		28A7DF0F20917B3F00BB3FA4 /* Info.plist */ = {isa = PBXFileReference; lastKnownFileType = text.plist.xml; path = Info.plist; sourceTree = "<group>"; };
		28A7DF1420917B3F00BB3FA4 /* NTest02Tests.xctest */ = {isa = PBXFileReference; explicitFileType = wrapper.cfbundle; includeInIndex = 0; path = NTest02Tests.xctest; sourceTree = BUILT_PRODUCTS_DIR; };
		28A7DF1820917B3F00BB3FA4 /* NTest02Tests.swift */ = {isa = PBXFileReference; lastKnownFileType = sourcecode.swift; path = NTest02Tests.swift; sourceTree = "<group>"; };
		28A7DF1A20917B3F00BB3FA4 /* Info.plist */ = {isa = PBXFileReference; lastKnownFileType = text.plist.xml; path = Info.plist; sourceTree = "<group>"; };
		28A7DF1F20917B3F00BB3FA4 /* NTest02UITests.xctest */ = {isa = PBXFileReference; explicitFileType = wrapper.cfbundle; includeInIndex = 0; path = NTest02UITests.xctest; sourceTree = BUILT_PRODUCTS_DIR; };
		28A7DF2320917B3F00BB3FA4 /* NTest02UITests.swift */ = {isa = PBXFileReference; lastKnownFileType = sourcecode.swift; path = NTest02UITests.swift; sourceTree = "<group>"; };
		28A7DF2520917B3F00BB3FA4 /* Info.plist */ = {isa = PBXFileReference; lastKnownFileType = text.plist.xml; path = Info.plist; sourceTree = "<group>"; };
/* End PBXFileReference section */

/* Begin PBXFrameworksBuildPhase section */
		28A7DEFD20917B3E00BB3FA4 /* Frameworks */ = {
			isa = PBXFrameworksBuildPhase;
			buildActionMask = 2147483647;
			files = (
			);
			runOnlyForDeploymentPostprocessing = 0;
		};
		28A7DF1120917B3F00BB3FA4 /* Frameworks */ = {
			isa = PBXFrameworksBuildPhase;
			buildActionMask = 2147483647;
			files = (
			);
			runOnlyForDeploymentPostprocessing = 0;
		};
		28A7DF1C20917B3F00BB3FA4 /* Frameworks */ = {
			isa = PBXFrameworksBuildPhase;
			buildActionMask = 2147483647;
			files = (
			);
			runOnlyForDeploymentPostprocessing = 0;
		};
/* End PBXFrameworksBuildPhase section */

/* Begin PBXGroup section */
		28A7DEF720917B3E00BB3FA4 = {
			isa = PBXGroup;
			children = (
				28A7DF0220917B3E00BB3FA4 /* NTest02 */,
				28A7DF1720917B3F00BB3FA4 /* NTest02Tests */,
				28A7DF2220917B3F00BB3FA4 /* NTest02UITests */,
				28A7DF0120917B3E00BB3FA4 /* Products */,
			);
			sourceTree = "<group>";
		};
		28A7DF0120917B3E00BB3FA4 /* Products */ = {
			isa = PBXGroup;
			children = (
				28A7DF0020917B3E00BB3FA4 /* NTest02.app */,
				28A7DF1420917B3F00BB3FA4 /* NTest02Tests.xctest */,
				28A7DF1F20917B3F00BB3FA4 /* NTest02UITests.xctest */,
			);
			name = Products;
			sourceTree = "<group>";
		};
		28A7DF0220917B3E00BB3FA4 /* NTest02 */ = {
			isa = PBXGroup;
			children = (
				28A7DF0320917B3E00BB3FA4 /* AppDelegate.swift */,
				28A7DF0520917B3E00BB3FA4 /* ViewController.swift */,
				28A7DF0720917B3E00BB3FA4 /* Main.storyboard */,
				28A7DF0A20917B3F00BB3FA4 /* Assets.xcassets */,
				28A7DF0C20917B3F00BB3FA4 /* LaunchScreen.storyboard */,
				28A7DF0F20917B3F00BB3FA4 /* Info.plist */,
			);
			path = NTest02;
			sourceTree = "<group>";
		};
		28A7DF1720917B3F00BB3FA4 /* NTest02Tests */ = {
			isa = PBXGroup;
			children = (
				28A7DF1820917B3F00BB3FA4 /* NTest02Tests.swift */,
				28A7DF1A20917B3F00BB3FA4 /* Info.plist */,
			);
			path = NTest02Tests;
			sourceTree = "<group>";
		};
		28A7DF2220917B3F00BB3FA4 /* NTest02UITests */ = {
			isa = PBXGroup;
			children = (
				28A7DF2320917B3F00BB3FA4 /* NTest02UITests.swift */,
				28A7DF2520917B3F00BB3FA4 /* Info.plist */,
			);
			path = NTest02UITests;
			sourceTree = "<group>";
		};
/* End PBXGroup section */

/* Begin PBXNativeTarget section */
		28A7DEFF20917B3E00BB3FA4 /* NTest02 */ = {
			isa = PBXNativeTarget;
			buildConfigurationList = 28A7DF2820917B3F00BB3FA4 /* Build configuration list for PBXNativeTarget "NTest02" */;
			buildPhases = (
				28A7DEFC20917B3E00BB3FA4 /* Sources */,
				28A7DEFD20917B3E00BB3FA4 /* Frameworks */,
				28A7DEFE20917B3E00BB3FA4 /* Resources */,
			);
			buildRules = (
			);
			dependencies = (
			);
			name = NTest02;
			productName = NTest02;
			productReference = 28A7DF0020917B3E00BB3FA4 /* NTest02.app */;
			productType = "com.apple.product-type.application";
		};
		28A7DF1320917B3F00BB3FA4 /* NTest02Tests */ = {
			isa = PBXNativeTarget;
			buildConfigurationList = 28A7DF2B20917B3F00BB3FA4 /* Build configuration list for PBXNativeTarget "NTest02Tests" */;
			buildPhases = (
				28A7DF1020917B3F00BB3FA4 /* Sources */,
				28A7DF1120917B3F00BB3FA4 /* Frameworks */,
				28A7DF1220917B3F00BB3FA4 /* Resources */,
			);
			buildRules = (
			);
			dependencies = (
				28A7DF1620917B3F00BB3FA4 /* PBXTargetDependency */,
			);
			name = NTest02Tests;
			productName = NTest02Tests;
			productReference = 28A7DF1420917B3F00BB3FA4 /* NTest02Tests.xctest */;
			productType = "com.apple.product-type.bundle.unit-test";
		};
		28A7DF1E20917B3F00BB3FA4 /* NTest02UITests */ = {
			isa = PBXNativeTarget;
			buildConfigurationList = 28A7DF2E20917B3F00BB3FA4 /* Build configuration list for PBXNativeTarget "NTest02UITests" */;
			buildPhases = (
				28A7DF1B20917B3F00BB3FA4 /* Sources */,
				28A7DF1C20917B3F00BB3FA4 /* Frameworks */,
				28A7DF1D20917B3F00BB3FA4 /* Resources */,
			);
			buildRules = (
			);
			dependencies = (
				28A7DF2120917B3F00BB3FA4 /* PBXTargetDependency */,
			);
			name = NTest02UITests;
			productName = NTest02UITests;
			productReference = 28A7DF1F20917B3F00BB3FA4 /* NTest02UITests.xctest */;
			productType = "com.apple.product-type.bundle.ui-testing";
		};
/* End PBXNativeTarget section */

/* Begin PBXProject section */
		28A7DEF820917B3E00BB3FA4 /* Project object */ = {
			isa = PBXProject;
			attributes = {
				LastSwiftUpdateCheck = 0930;
				LastUpgradeCheck = 0930;
				ORGANIZATIONNAME = Big;
				TargetAttributes = {
					28A7DEFF20917B3E00BB3FA4 = {
						CreatedOnToolsVersion = 9.3;
					};
					28A7DF1320917B3F00BB3FA4 = {
						CreatedOnToolsVersion = 9.3;
						TestTargetID = 28A7DEFF20917B3E00BB3FA4;
					};
					28A7DF1E20917B3F00BB3FA4 = {
						CreatedOnToolsVersion = 9.3;
						TestTargetID = 28A7DEFF20917B3E00BB3FA4;
					};
				};
			};
			buildConfigurationList = 28A7DEFB20917B3E00BB3FA4 /* Build configuration list for PBXProject "NTest02" */;
			compatibilityVersion = "Xcode 9.3";
			developmentRegion = en;
			hasScannedForEncodings = 0;
			knownRegions = (
				en,
				Base,
			);
			mainGroup = 28A7DEF720917B3E00BB3FA4;
			productRefGroup = 28A7DF0120917B3E00BB3FA4 /* Products */;
			projectDirPath = "";
			projectRoot = "";
			targets = (
				28A7DEFF20917B3E00BB3FA4 /* NTest02 */,
				28A7DF1320917B3F00BB3FA4 /* NTest02Tests */,
				28A7DF1E20917B3F00BB3FA4 /* NTest02UITests */,
			);
		};
/* End PBXProject section */

/* Begin PBXResourcesBuildPhase section */
		28A7DEFE20917B3E00BB3FA4 /* Resources */ = {
			isa = PBXResourcesBuildPhase;
			buildActionMask = 2147483647;
			files = (
				28A7DF0E20917B3F00BB3FA4 /* LaunchScreen.storyboard in Resources */,
				28A7DF0B20917B3F00BB3FA4 /* Assets.xcassets in Resources */,
				28A7DF0920917B3E00BB3FA4 /* Main.storyboard in Resources */,
			);
			runOnlyForDeploymentPostprocessing = 0;
		};
		28A7DF1220917B3F00BB3FA4 /* Resources */ = {
			isa = PBXResourcesBuildPhase;
			buildActionMask = 2147483647;
			files = (
			);
			runOnlyForDeploymentPostprocessing = 0;
		};
		28A7DF1D20917B3F00BB3FA4 /* Resources */ = {
			isa = PBXResourcesBuildPhase;
			buildActionMask = 2147483647;
			files = (
			);
			runOnlyForDeploymentPostprocessing = 0;
		};
/* End PBXResourcesBuildPhase section */

/* Begin PBXSourcesBuildPhase section */
		28A7DEFC20917B3E00BB3FA4 /* Sources */ = {
			isa = PBXSourcesBuildPhase;
			buildActionMask = 2147483647;
			files = (
				28A7DF0620917B3E00BB3FA4 /* ViewController.swift in Sources */,
				28A7DF0420917B3E00BB3FA4 /* AppDelegate.swift in Sources */,
			);
			runOnlyForDeploymentPostprocessing = 0;
		};
		28A7DF1020917B3F00BB3FA4 /* Sources */ = {
			isa = PBXSourcesBuildPhase;
			buildActionMask = 2147483647;
			files = (
				28A7DF1920917B3F00BB3FA4 /* NTest02Tests.swift in Sources */,
			);
			runOnlyForDeploymentPostprocessing = 0;
		};
		28A7DF1B20917B3F00BB3FA4 /* Sources */ = {
			isa = PBXSourcesBuildPhase;
			buildActionMask = 2147483647;
			files = (
				28A7DF2420917B3F00BB3FA4 /* NTest02UITests.swift in Sources */,
			);
			runOnlyForDeploymentPostprocessing = 0;
		};
/* End PBXSourcesBuildPhase section */

/* Begin PBXTargetDependency section */
		28A7DF1620917B3F00BB3FA4 /* PBXTargetDependency */ = {
			isa = PBXTargetDependency;
			target = 28A7DEFF20917B3E00BB3FA4 /* NTest02 */;
			targetProxy = 28A7DF1520917B3F00BB3FA4 /* PBXContainerItemProxy */;
		};
		28A7DF2120917B3F00BB3FA4 /* PBXTargetDependency */ = {
			isa = PBXTargetDependency;
			target = 28A7DEFF20917B3E00BB3FA4 /* NTest02 */;
			targetProxy = 28A7DF2020917B3F00BB3FA4 /* PBXContainerItemProxy */;
		};
/* End PBXTargetDependency section */

/* Begin PBXVariantGroup section */
		28A7DF0720917B3E00BB3FA4 /* Main.storyboard */ = {
			isa = PBXVariantGroup;
			children = (
				28A7DF0820917B3E00BB3FA4 /* Base */,
			);
			name = Main.storyboard;
			sourceTree = "<group>";
		};
		28A7DF0C20917B3F00BB3FA4 /* LaunchScreen.storyboard */ = {
			isa = PBXVariantGroup;
			children = (
				28A7DF0D20917B3F00BB3FA4 /* Base */,
			);
			name = LaunchScreen.storyboard;
			sourceTree = "<group>";
		};
/* End PBXVariantGroup section */

/* Begin XCBuildConfiguration section */
		28A7DF2620917B3F00BB3FA4 /* Debug */ = {
			isa = XCBuildConfiguration;
			buildSettings = {
				ALWAYS_SEARCH_USER_PATHS = NO;
				CLANG_ANALYZER_NONNULL = YES;
				CLANG_ANALYZER_NUMBER_OBJECT_CONVERSION = YES_AGGRESSIVE;
				CLANG_CXX_LANGUAGE_STANDARD = "gnu++14";
				CLANG_CXX_LIBRARY = "libc++";
				CLANG_ENABLE_MODULES = YES;
				CLANG_ENABLE_OBJC_ARC = YES;
				CLANG_ENABLE_OBJC_WEAK = YES;
				CLANG_WARN_BLOCK_CAPTURE_AUTORELEASING = YES;
				CLANG_WARN_BOOL_CONVERSION = YES;
				CLANG_WARN_COMMA = YES;
				CLANG_WARN_CONSTANT_CONVERSION = YES;
				CLANG_WARN_DEPRECATED_OBJC_IMPLEMENTATIONS = YES;
				CLANG_WARN_DIRECT_OBJC_ISA_USAGE = YES_ERROR;
				CLANG_WARN_DOCUMENTATION_COMMENTS = YES;
				CLANG_WARN_EMPTY_BODY = YES;
				CLANG_WARN_ENUM_CONVERSION = YES;
				CLANG_WARN_INFINITE_RECURSION = YES;
				CLANG_WARN_INT_CONVERSION = YES;
				CLANG_WARN_NON_LITERAL_NULL_CONVERSION = YES;
				CLANG_WARN_OBJC_IMPLICIT_RETAIN_SELF = YES;
				CLANG_WARN_OBJC_LITERAL_CONVERSION = YES;
				CLANG_WARN_OBJC_ROOT_CLASS = YES_ERROR;
				CLANG_WARN_RANGE_LOOP_ANALYSIS = YES;
				CLANG_WARN_STRICT_PROTOTYPES = YES;
				CLANG_WARN_SUSPICIOUS_MOVE = YES;
				CLANG_WARN_UNGUARDED_AVAILABILITY = YES_AGGRESSIVE;
				CLANG_WARN_UNREACHABLE_CODE = YES;
				CLANG_WARN__DUPLICATE_METHOD_MATCH = YES;
				CODE_SIGN_IDENTITY = "iPhone Developer";
				COPY_PHASE_STRIP = NO;
				DEBUG_INFORMATION_FORMAT = dwarf;
				ENABLE_STRICT_OBJC_MSGSEND = YES;
				ENABLE_TESTABILITY = YES;
				GCC_C_LANGUAGE_STANDARD = gnu11;
				GCC_DYNAMIC_NO_PIC = NO;
				GCC_NO_COMMON_BLOCKS = YES;
				GCC_OPTIMIZATION_LEVEL = 0;
				GCC_PREPROCESSOR_DEFINITIONS = (
					"DEBUG=1",
					"$(inherited)",
				);
				GCC_WARN_64_TO_32_BIT_CONVERSION = YES;
				GCC_WARN_ABOUT_RETURN_TYPE = YES_ERROR;
				GCC_WARN_UNDECLARED_SELECTOR = YES;
				GCC_WARN_UNINITIALIZED_AUTOS = YES_AGGRESSIVE;
				GCC_WARN_UNUSED_FUNCTION = YES;
				GCC_WARN_UNUSED_VARIABLE = YES;
				IPHONEOS_DEPLOYMENT_TARGET = 11.3;
				MTL_ENABLE_DEBUG_INFO = YES;
				ONLY_ACTIVE_ARCH = YES;
				SDKROOT = iphoneos;
				SWIFT_ACTIVE_COMPILATION_CONDITIONS = DEBUG;
				SWIFT_OPTIMIZATION_LEVEL = "-Onone";
			};
			name = Debug;
		};
		28A7DF2720917B3F00BB3FA4 /* Release */ = {
			isa = XCBuildConfiguration;
			buildSettings = {
				ALWAYS_SEARCH_USER_PATHS = NO;
				CLANG_ANALYZER_NONNULL = YES;
				CLANG_ANALYZER_NUMBER_OBJECT_CONVERSION = YES_AGGRESSIVE;
				CLANG_CXX_LANGUAGE_STANDARD = "gnu++14";
				CLANG_CXX_LIBRARY = "libc++";
				CLANG_ENABLE_MODULES = YES;
				CLANG_ENABLE_OBJC_ARC = YES;
				CLANG_ENABLE_OBJC_WEAK = YES;
				CLANG_WARN_BLOCK_CAPTURE_AUTORELEASING = YES;
				CLANG_WARN_BOOL_CONVERSION = YES;
				CLANG_WARN_COMMA = YES;
				CLANG_WARN_CONSTANT_CONVERSION = YES;
				CLANG_WARN_DEPRECATED_OBJC_IMPLEMENTATIONS = YES;
				CLANG_WARN_DIRECT_OBJC_ISA_USAGE = YES_ERROR;
				CLANG_WARN_DOCUMENTATION_COMMENTS = YES;
				CLANG_WARN_EMPTY_BODY = YES;
				CLANG_WARN_ENUM_CONVERSION = YES;
				CLANG_WARN_INFINITE_RECURSION = YES;
				CLANG_WARN_INT_CONVERSION = YES;
				CLANG_WARN_NON_LITERAL_NULL_CONVERSION = YES;
				CLANG_WARN_OBJC_IMPLICIT_RETAIN_SELF = YES;
				CLANG_WARN_OBJC_LITERAL_CONVERSION = YES;
				CLANG_WARN_OBJC_ROOT_CLASS = YES_ERROR;
				CLANG_WARN_RANGE_LOOP_ANALYSIS = YES;
				CLANG_WARN_STRICT_PROTOTYPES = YES;
				CLANG_WARN_SUSPICIOUS_MOVE = YES;
				CLANG_WARN_UNGUARDED_AVAILABILITY = YES_AGGRESSIVE;
				CLANG_WARN_UNREACHABLE_CODE = YES;
				CLANG_WARN__DUPLICATE_METHOD_MATCH = YES;
				CODE_SIGN_IDENTITY = "iPhone Developer";
				COPY_PHASE_STRIP = NO;
				DEBUG_INFORMATION_FORMAT = "dwarf-with-dsym";
				ENABLE_NS_ASSERTIONS = NO;
				ENABLE_STRICT_OBJC_MSGSEND = YES;
				GCC_C_LANGUAGE_STANDARD = gnu11;
				GCC_NO_COMMON_BLOCKS = YES;
				GCC_WARN_64_TO_32_BIT_CONVERSION = YES;
				GCC_WARN_ABOUT_RETURN_TYPE = YES_ERROR;
				GCC_WARN_UNDECLARED_SELECTOR = YES;
				GCC_WARN_UNINITIALIZED_AUTOS = YES_AGGRESSIVE;
				GCC_WARN_UNUSED_FUNCTION = YES;
				GCC_WARN_UNUSED_VARIABLE = YES;
				IPHONEOS_DEPLOYMENT_TARGET = 11.3;
				MTL_ENABLE_DEBUG_INFO = NO;
				SDKROOT = iphoneos;
				SWIFT_COMPILATION_MODE = wholemodule;
				SWIFT_OPTIMIZATION_LEVEL = "-O";
				VALIDATE_PRODUCT = YES;
			};
			name = Release;
		};
		28A7DF2920917B3F00BB3FA4 /* Debug */ = {
			isa = XCBuildConfiguration;
			buildSettings = {
				ASSETCATALOG_COMPILER_APPICON_NAME = AppIcon;
				CODE_SIGN_STYLE = Automatic;
				DEVELOPMENT_TEAM = VWT8T2J8SF;
				INFOPLIST_FILE = NTest02/Info.plist;
				LD_RUNPATH_SEARCH_PATHS = (
					"$(inherited)",
					"@executable_path/Frameworks",
				);
				PRODUCT_BUNDLE_IDENTIFIER = com.big.Town.NTest02;
				PRODUCT_NAME = "$(TARGET_NAME)";
				SWIFT_VERSION = 4.0;
				TARGETED_DEVICE_FAMILY = "1,2";
			};
			name = Debug;
		};
		28A7DF2A20917B3F00BB3FA4 /* Release */ = {
			isa = XCBuildConfiguration;
			buildSettings = {
				ASSETCATALOG_COMPILER_APPICON_NAME = AppIcon;
				CODE_SIGN_STYLE = Automatic;
				DEVELOPMENT_TEAM = VWT8T2J8SF;
				INFOPLIST_FILE = NTest02/Info.plist;
				LD_RUNPATH_SEARCH_PATHS = (
					"$(inherited)",
					"@executable_path/Frameworks",
				);
				PRODUCT_BUNDLE_IDENTIFIER = com.big.Town.NTest02;
				PRODUCT_NAME = "$(TARGET_NAME)";
				SWIFT_VERSION = 4.0;
				TARGETED_DEVICE_FAMILY = "1,2";
			};
			name = Release;
		};
		28A7DF2C20917B3F00BB3FA4 /* Debug */ = {
			isa = XCBuildConfiguration;
			buildSettings = {
				ALWAYS_EMBED_SWIFT_STANDARD_LIBRARIES = YES;
				BUNDLE_LOADER = "$(TEST_HOST)";
				CODE_SIGN_STYLE = Automatic;
				DEVELOPMENT_TEAM = VWT8T2J8SF;
				INFOPLIST_FILE = NTest02Tests/Info.plist;
				LD_RUNPATH_SEARCH_PATHS = (
					"$(inherited)",
					"@executable_path/Frameworks",
					"@loader_path/Frameworks",
				);
				PRODUCT_BUNDLE_IDENTIFIER = com.big.Town.NTest02Tests;
				PRODUCT_NAME = "$(TARGET_NAME)";
				SWIFT_VERSION = 4.0;
				TARGETED_DEVICE_FAMILY = "1,2";
				TEST_HOST = "$(BUILT_PRODUCTS_DIR)/NTest02.app/NTest02";
			};
			name = Debug;
		};
		28A7DF2D20917B3F00BB3FA4 /* Release */ = {
			isa = XCBuildConfiguration;
			buildSettings = {
				ALWAYS_EMBED_SWIFT_STANDARD_LIBRARIES = YES;
				BUNDLE_LOADER = "$(TEST_HOST)";
				CODE_SIGN_STYLE = Automatic;
				DEVELOPMENT_TEAM = VWT8T2J8SF;
				INFOPLIST_FILE = NTest02Tests/Info.plist;
				LD_RUNPATH_SEARCH_PATHS = (
					"$(inherited)",
					"@executable_path/Frameworks",
					"@loader_path/Frameworks",
				);
				PRODUCT_BUNDLE_IDENTIFIER = com.big.Town.NTest02Tests;
				PRODUCT_NAME = "$(TARGET_NAME)";
				SWIFT_VERSION = 4.0;
				TARGETED_DEVICE_FAMILY = "1,2";
				TEST_HOST = "$(BUILT_PRODUCTS_DIR)/NTest02.app/NTest02";
			};
			name = Release;
		};
		28A7DF2F20917B3F00BB3FA4 /* Debug */ = {
			isa = XCBuildConfiguration;
			buildSettings = {
				ALWAYS_EMBED_SWIFT_STANDARD_LIBRARIES = YES;
				CODE_SIGN_STYLE = Automatic;
				DEVELOPMENT_TEAM = VWT8T2J8SF;
				INFOPLIST_FILE = NTest02UITests/Info.plist;
				LD_RUNPATH_SEARCH_PATHS = (
					"$(inherited)",
					"@executable_path/Frameworks",
					"@loader_path/Frameworks",
				);
				PRODUCT_BUNDLE_IDENTIFIER = com.big.Town.NTest02UITests;
				PRODUCT_NAME = "$(TARGET_NAME)";
				SWIFT_VERSION = 4.0;
				TARGETED_DEVICE_FAMILY = "1,2";
				TEST_TARGET_NAME = NTest02;
			};
			name = Debug;
		};
		28A7DF3020917B3F00BB3FA4 /* Release */ = {
			isa = XCBuildConfiguration;
			buildSettings = {
				ALWAYS_EMBED_SWIFT_STANDARD_LIBRARIES = YES;
				CODE_SIGN_STYLE = Automatic;
				DEVELOPMENT_TEAM = VWT8T2J8SF;
				INFOPLIST_FILE = NTest02UITests/Info.plist;
				LD_RUNPATH_SEARCH_PATHS = (
					"$(inherited)",
					"@executable_path/Frameworks",
					"@loader_path/Frameworks",
				);
				PRODUCT_BUNDLE_IDENTIFIER = com.big.Town.NTest02UITests;
				PRODUCT_NAME = "$(TARGET_NAME)";
				SWIFT_VERSION = 4.0;
				TARGETED_DEVICE_FAMILY = "1,2";
				TEST_TARGET_NAME = NTest02;
			};
			name = Release;
		};
/* End XCBuildConfiguration section */

/* Begin XCConfigurationList section */
		28A7DEFB20917B3E00BB3FA4 /* Build configuration list for PBXProject "NTest02" */ = {
			isa = XCConfigurationList;
			buildConfigurations = (
				28A7DF2620917B3F00BB3FA4 /* Debug */,
				28A7DF2720917B3F00BB3FA4 /* Release */,
			);
			defaultConfigurationIsVisible = 0;
			defaultConfigurationName = Release;
		};
		28A7DF2820917B3F00BB3FA4 /* Build configuration list for PBXNativeTarget "NTest02" */ = {
			isa = XCConfigurationList;
			buildConfigurations = (
				28A7DF2920917B3F00BB3FA4 /* Debug */,
				28A7DF2A20917B3F00BB3FA4 /* Release */,
			);
			defaultConfigurationIsVisible = 0;
			defaultConfigurationName = Release;
		};
		28A7DF2B20917B3F00BB3FA4 /* Build configuration list for PBXNativeTarget "NTest02Tests" */ = {
			isa = XCConfigurationList;
			buildConfigurations = (
				28A7DF2C20917B3F00BB3FA4 /* Debug */,
				28A7DF2D20917B3F00BB3FA4 /* Release */,
			);
			defaultConfigurationIsVisible = 0;
			defaultConfigurationName = Release;
		};
		28A7DF2E20917B3F00BB3FA4 /* Build configuration list for PBXNativeTarget "NTest02UITests" */ = {
			isa = XCConfigurationList;
			buildConfigurations = (
				28A7DF2F20917B3F00BB3FA4 /* Debug */,
				28A7DF3020917B3F00BB3FA4 /* Release */,
			);
			defaultConfigurationIsVisible = 0;
			defaultConfigurationName = Release;
		};
/* End XCConfigurationList section */
	};
	rootObject = 28A7DEF820917B3E00BB3FA4 /* Project object */;
}
